
Microsoft Visual Studio Solution File, Format Version 12.00
# Visual Studio 15
VisualStudioVersion = 15.0.27130.2024
MinimumVisualStudioVersion = 10.0.40219.1
Project("{9A19103F-16F7-4668-BE54-9A1E7A4F7556}") = "DivvyUp", "DivvyUp\DivvyUp.csproj", "{B16C9194-AD6F-4323-9AED-E3F0D372B782}"
EndProject
Project("{9A19103F-16F7-4668-BE54-9A1E7A4F7556}") = "DivvyUp.Tests", "DivvyUp.Tests\DivvyUp.Tests.csproj", "{2293C538-F0A3-40DD-82F3-A6E489EDC947}"
EndProject
Project("{FAE04EC0-301F-11D3-BF4B-00C04F79EFBC}") = "DivvyUp.Web", "DivvyUp.Web\DivvyUp.Web.csproj", "{F68EB524-9FD2-47CD-83DB-3F28AD01A990}"
EndProject
Global
	GlobalSection(SolutionConfigurationPlatforms) = preSolution
		Debug|Any CPU = Debug|Any CPU
		Release|Any CPU = Release|Any CPU
	EndGlobalSection
	GlobalSection(ProjectConfigurationPlatforms) = postSolution
		{B16C9194-AD6F-4323-9AED-E3F0D372B782}.Debug|Any CPU.ActiveCfg = Debug|Any CPU
		{B16C9194-AD6F-4323-9AED-E3F0D372B782}.Debug|Any CPU.Build.0 = Debug|Any CPU
		{B16C9194-AD6F-4323-9AED-E3F0D372B782}.Release|Any CPU.ActiveCfg = Release|Any CPU
		{B16C9194-AD6F-4323-9AED-E3F0D372B782}.Release|Any CPU.Build.0 = Release|Any CPU
		{2293C538-F0A3-40DD-82F3-A6E489EDC947}.Debug|Any CPU.ActiveCfg = Debug|Any CPU
		{2293C538-F0A3-40DD-82F3-A6E489EDC947}.Debug|Any CPU.Build.0 = Debug|Any CPU
		{2293C538-F0A3-40DD-82F3-A6E489EDC947}.Release|Any CPU.ActiveCfg = Release|Any CPU
		{2293C538-F0A3-40DD-82F3-A6E489EDC947}.Release|Any CPU.Build.0 = Release|Any CPU
		{F68EB524-9FD2-47CD-83DB-3F28AD01A990}.Debug|Any CPU.ActiveCfg = Debug|Any CPU
		{F68EB524-9FD2-47CD-83DB-3F28AD01A990}.Debug|Any CPU.Build.0 = Debug|Any CPU
		{F68EB524-9FD2-47CD-83DB-3F28AD01A990}.Release|Any CPU.ActiveCfg = Release|Any CPU
		{F68EB524-9FD2-47CD-83DB-3F28AD01A990}.Release|Any CPU.Build.0 = Release|Any CPU
	EndGlobalSection
	GlobalSection(SolutionProperties) = preSolution
		HideSolutionNode = FALSE
	EndGlobalSection
	GlobalSection(ExtensibilityGlobals) = postSolution
		SolutionGuid = {D4ECA9E2-25A2-4115-B178-19EEE2CCA1C2}
	EndGlobalSection
EndGlobal
