
Microsoft Visual Studio Solution File, Format Version 12.00
# Visual Studio 15
VisualStudioVersion = 15.0.26430.16
MinimumVisualStudioVersion = 10.0.40219.1
Project("{9A19103F-16F7-4668-BE54-9A1E7A4F7556}") = "DivvyUp", "DivvyUp\DivvyUp.csproj", "{B16C9194-AD6F-4323-9AED-E3F0D372B782}"
EndProject
Project("{9A19103F-16F7-4668-BE54-9A1E7A4F7556}") = "DivvyUp.Tests", "DivvyUp.Tests\DivvyUp.Tests.csproj", "{2293C538-F0A3-40DD-82F3-A6E489EDC947}"
EndProject
Global
	GlobalSection(SolutionConfigurationPlatforms) = preSolution
		Debug|Any CPU = Debug|Any CPU
		Release|Any CPU = Release|Any CPU
	EndGlobalSection
	GlobalSection(ProjectConfigurationPlatforms) = postSolution
		{B16C9194-AD6F-4323-9AED-E3F0D372B782}.Debug|Any CPU.ActiveCfg = Debug|Any CPU
		{B16C9194-AD6F-4323-9AED-E3F0D372B782}.Debug|Any CPU.Build.0 = Debug|Any CPU
		{B16C9194-AD6F-4323-9AED-E3F0D372B782}.Release|Any CPU.ActiveCfg = Release|Any CPU
		{B16C9194-AD6F-4323-9AED-E3F0D372B782}.Release|Any CPU.Build.0 = Release|Any CPU
		{2293C538-F0A3-40DD-82F3-A6E489EDC947}.Debug|Any CPU.ActiveCfg = Debug|Any CPU
		{2293C538-F0A3-40DD-82F3-A6E489EDC947}.Debug|Any CPU.Build.0 = Debug|Any CPU
		{2293C538-F0A3-40DD-82F3-A6E489EDC947}.Release|Any CPU.ActiveCfg = Release|Any CPU
		{2293C538-F0A3-40DD-82F3-A6E489EDC947}.Release|Any CPU.Build.0 = Release|Any CPU
	EndGlobalSection
	GlobalSection(SolutionProperties) = preSolution
		HideSolutionNode = FALSE
	EndGlobalSection
EndGlobal
